
Microsoft Visual Studio Solution File, Format Version 12.00
# Visual Studio 15
VisualStudioVersion = 15.0.28307.438
MinimumVisualStudioVersion = 10.0.40219.1
Project("{FAE04EC0-301F-11D3-BF4B-00C04F79EFBC}") = "ExCompositionAndEnumeration", "ExCompositionAndEnumeration\ExCompositionAndEnumeration.csproj", "{89CE40F8-F76D-4B28-8119-F30CE76EE4FA}"
EndProject
Global
	GlobalSection(SolutionConfigurationPlatforms) = preSolution
		Debug|Any CPU = Debug|Any CPU
		Release|Any CPU = Release|Any CPU
	EndGlobalSection
	GlobalSection(ProjectConfigurationPlatforms) = postSolution
		{89CE40F8-F76D-4B28-8119-F30CE76EE4FA}.Debug|Any CPU.ActiveCfg = Debug|Any CPU
		{89CE40F8-F76D-4B28-8119-F30CE76EE4FA}.Debug|Any CPU.Build.0 = Debug|Any CPU
		{89CE40F8-F76D-4B28-8119-F30CE76EE4FA}.Release|Any CPU.ActiveCfg = Release|Any CPU
		{89CE40F8-F76D-4B28-8119-F30CE76EE4FA}.Release|Any CPU.Build.0 = Release|Any CPU
	EndGlobalSection
	GlobalSection(SolutionProperties) = preSolution
		HideSolutionNode = FALSE
	EndGlobalSection
	GlobalSection(ExtensibilityGlobals) = postSolution
		SolutionGuid = {43C7CB38-C5F4-4218-A2FB-CB978A1A23F7}
	EndGlobalSection
EndGlobal
